
Microsoft Visual Studio Solution File, Format Version 11.00
# Visual Studio 2010
Project("{2150E333-8FDC-42A3-9474-1A3956D46DE8}") = "Solution Items", "Solution Items", "{3680D653-ADA1-402E-A40D-B00969BF56A9}"
	ProjectSection(SolutionItems) = preProject
		Local.testsettings = Local.testsettings
		NConfig.vsmdi = NConfig.vsmdi
		TraceAndTestImpact.testsettings = TraceAndTestImpact.testsettings
	EndProjectSection
EndProject
Project("{FAE04EC0-301F-11D3-BF4B-00C04F79EFBC}") = "NConfig", "NConfig\NConfig.csproj", "{E03FCBFB-4EE1-4A86-9703-8871AB2BE179}"
EndProject
Project("{FAE04EC0-301F-11D3-BF4B-00C04F79EFBC}") = "NConfig.XML", "NConfig.XML\NConfig.XML.csproj", "{C44ACC8C-5434-4663-A1F5-20FB4CBE2E69}"
EndProject
Project("{FAE04EC0-301F-11D3-BF4B-00C04F79EFBC}") = "NConfig.Windsor", "NConfig.Windsor\NConfig.Windsor.csproj", "{51955F6C-3613-402D-B130-97EB2003E362}"
EndProject
Project("{2150E333-8FDC-42A3-9474-1A3956D46DE8}") = "Sample", "Sample", "{4CB0BDB8-88C1-48ED-8A96-AAAFB0730FBE}"
EndProject
Project("{FAE04EC0-301F-11D3-BF4B-00C04F79EFBC}") = "Client", "Client\Client.csproj", "{3D1FF3BB-8997-4684-9CAA-6C37374A570F}"
EndProject
Project("{FAE04EC0-301F-11D3-BF4B-00C04F79EFBC}") = "Common", "Common\Common.csproj", "{02EBB01A-DE5E-4940-8A06-F600B0A4778B}"
EndProject
Project("{FAE04EC0-301F-11D3-BF4B-00C04F79EFBC}") = "Server", "Server\Server.csproj", "{A372D577-2635-47D3-8B83-FDD2A530EB28}"
EndProject
Project("{FAE04EC0-301F-11D3-BF4B-00C04F79EFBC}") = "NConfig.WCF", "NConfig.WCF\NConfig.WCF.csproj", "{366E0B67-A944-492E-9464-9EAE4C670083}"
EndProject
Project("{FAE04EC0-301F-11D3-BF4B-00C04F79EFBC}") = "SampleTests", "SampleTests\SampleTests.csproj", "{4D00B710-D131-4008-9365-7285AE99FB84}"
EndProject
Project("{FAE04EC0-301F-11D3-BF4B-00C04F79EFBC}") = "NConfig.Testing", "NConfig.Testing\NConfig.Testing.csproj", "{508E7531-7F1F-4D8E-977B-78C10D5E9D2E}"
EndProject
Project("{FAE04EC0-301F-11D3-BF4B-00C04F79EFBC}") = "NConfig.Tests", "NConfig.Tests\NConfig.Tests.csproj", "{214DC7EA-BC3B-41A7-A03A-2F6033B416A7}"
EndProject
Global
	GlobalSection(TestCaseManagementSettings) = postSolution
		CategoryFile = NConfig.vsmdi
	EndGlobalSection
	GlobalSection(SourceCodeControl) = preSolution
		SccNumberOfProjects = 10
		SccLocalPath0 = .
		SccProjectUniqueName1 = NConfig\\NConfig.csproj
		SccLocalPath1 = .
		SccProjectFilePathRelativizedFromConnection1 = NConfig\\
		SccProjectUniqueName2 = NConfig.XML\\NConfig.XML.csproj
		SccLocalPath2 = .
		SccProjectFilePathRelativizedFromConnection2 = NConfig.XML\\
		SccProjectUniqueName3 = NConfig.Windsor\\NConfig.Windsor.csproj
		SccLocalPath3 = .
		SccProjectFilePathRelativizedFromConnection3 = NConfig.Windsor\\
		SccProjectUniqueName4 = Client\\Client.csproj
		SccProjectTopLevelParentUniqueName4 = NConfig.sln
		SccLocalPath4 = .
		SccProjectFilePathRelativizedFromConnection4 = Client\\
		SccProjectUniqueName5 = Common\\Common.csproj
		SccProjectTopLevelParentUniqueName5 = NConfig.sln
		SccLocalPath5 = .
		SccProjectFilePathRelativizedFromConnection5 = Common\\
		SccProjectUniqueName6 = Server\\Server.csproj
		SccProjectTopLevelParentUniqueName6 = NConfig.sln
		SccLocalPath6 = .
		SccProjectFilePathRelativizedFromConnection6 = Server\\
		SccProjectUniqueName7 = NConfig.WCF\\NConfig.WCF.csproj
		SccLocalPath7 = .
		SccProjectFilePathRelativizedFromConnection7 = NConfig.WCF\\
		SccProjectUniqueName8 = SampleTests\\SampleTests.csproj
		SccProjectTopLevelParentUniqueName8 = NConfig.sln
		SccLocalPath8 = .
		SccProjectFilePathRelativizedFromConnection8 = SampleTests\\
		SccProjectUniqueName9 = NConfig.Testing\\NConfig.Testing.csproj
		SccLocalPath9 = .
		SccProjectFilePathRelativizedFromConnection9 = NConfig.Testing\\
	EndGlobalSection
	GlobalSection(SolutionConfigurationPlatforms) = preSolution
		Debug|Any CPU = Debug|Any CPU
		Debug|Mixed Platforms = Debug|Mixed Platforms
		Debug|x86 = Debug|x86
		Release|Any CPU = Release|Any CPU
		Release|Mixed Platforms = Release|Mixed Platforms
		Release|x86 = Release|x86
	EndGlobalSection
	GlobalSection(ProjectConfigurationPlatforms) = postSolution
		{E03FCBFB-4EE1-4A86-9703-8871AB2BE179}.Debug|Any CPU.ActiveCfg = Debug|Any CPU
		{E03FCBFB-4EE1-4A86-9703-8871AB2BE179}.Debug|Any CPU.Build.0 = Debug|Any CPU
		{E03FCBFB-4EE1-4A86-9703-8871AB2BE179}.Debug|Mixed Platforms.ActiveCfg = Debug|Any CPU
		{E03FCBFB-4EE1-4A86-9703-8871AB2BE179}.Debug|Mixed Platforms.Build.0 = Debug|Any CPU
		{E03FCBFB-4EE1-4A86-9703-8871AB2BE179}.Debug|x86.ActiveCfg = Debug|Any CPU
		{E03FCBFB-4EE1-4A86-9703-8871AB2BE179}.Release|Any CPU.ActiveCfg = Release|Any CPU
		{E03FCBFB-4EE1-4A86-9703-8871AB2BE179}.Release|Any CPU.Build.0 = Release|Any CPU
		{E03FCBFB-4EE1-4A86-9703-8871AB2BE179}.Release|Mixed Platforms.ActiveCfg = Release|Any CPU
		{E03FCBFB-4EE1-4A86-9703-8871AB2BE179}.Release|Mixed Platforms.Build.0 = Release|Any CPU
		{E03FCBFB-4EE1-4A86-9703-8871AB2BE179}.Release|x86.ActiveCfg = Release|Any CPU
		{C44ACC8C-5434-4663-A1F5-20FB4CBE2E69}.Debug|Any CPU.ActiveCfg = Debug|Any CPU
		{C44ACC8C-5434-4663-A1F5-20FB4CBE2E69}.Debug|Any CPU.Build.0 = Debug|Any CPU
		{C44ACC8C-5434-4663-A1F5-20FB4CBE2E69}.Debug|Mixed Platforms.ActiveCfg = Debug|Any CPU
		{C44ACC8C-5434-4663-A1F5-20FB4CBE2E69}.Debug|Mixed Platforms.Build.0 = Debug|Any CPU
		{C44ACC8C-5434-4663-A1F5-20FB4CBE2E69}.Debug|x86.ActiveCfg = Debug|Any CPU
		{C44ACC8C-5434-4663-A1F5-20FB4CBE2E69}.Release|Any CPU.ActiveCfg = Release|Any CPU
		{C44ACC8C-5434-4663-A1F5-20FB4CBE2E69}.Release|Any CPU.Build.0 = Release|Any CPU
		{C44ACC8C-5434-4663-A1F5-20FB4CBE2E69}.Release|Mixed Platforms.ActiveCfg = Release|Any CPU
		{C44ACC8C-5434-4663-A1F5-20FB4CBE2E69}.Release|Mixed Platforms.Build.0 = Release|Any CPU
		{C44ACC8C-5434-4663-A1F5-20FB4CBE2E69}.Release|x86.ActiveCfg = Release|Any CPU
		{51955F6C-3613-402D-B130-97EB2003E362}.Debug|Any CPU.ActiveCfg = Debug|Any CPU
		{51955F6C-3613-402D-B130-97EB2003E362}.Debug|Any CPU.Build.0 = Debug|Any CPU
		{51955F6C-3613-402D-B130-97EB2003E362}.Debug|Mixed Platforms.ActiveCfg = Debug|Any CPU
		{51955F6C-3613-402D-B130-97EB2003E362}.Debug|Mixed Platforms.Build.0 = Debug|Any CPU
		{51955F6C-3613-402D-B130-97EB2003E362}.Debug|x86.ActiveCfg = Debug|Any CPU
		{51955F6C-3613-402D-B130-97EB2003E362}.Release|Any CPU.ActiveCfg = Release|Any CPU
		{51955F6C-3613-402D-B130-97EB2003E362}.Release|Any CPU.Build.0 = Release|Any CPU
		{51955F6C-3613-402D-B130-97EB2003E362}.Release|Mixed Platforms.ActiveCfg = Release|Any CPU
		{51955F6C-3613-402D-B130-97EB2003E362}.Release|Mixed Platforms.Build.0 = Release|Any CPU
		{51955F6C-3613-402D-B130-97EB2003E362}.Release|x86.ActiveCfg = Release|Any CPU
		{3D1FF3BB-8997-4684-9CAA-6C37374A570F}.Debug|Any CPU.ActiveCfg = Debug|x86
		{3D1FF3BB-8997-4684-9CAA-6C37374A570F}.Debug|Mixed Platforms.ActiveCfg = Debug|x86
		{3D1FF3BB-8997-4684-9CAA-6C37374A570F}.Debug|Mixed Platforms.Build.0 = Debug|x86
		{3D1FF3BB-8997-4684-9CAA-6C37374A570F}.Debug|x86.ActiveCfg = Debug|x86
		{3D1FF3BB-8997-4684-9CAA-6C37374A570F}.Debug|x86.Build.0 = Debug|x86
		{3D1FF3BB-8997-4684-9CAA-6C37374A570F}.Release|Any CPU.ActiveCfg = Release|x86
		{3D1FF3BB-8997-4684-9CAA-6C37374A570F}.Release|Mixed Platforms.ActiveCfg = Release|x86
		{3D1FF3BB-8997-4684-9CAA-6C37374A570F}.Release|Mixed Platforms.Build.0 = Release|x86
		{3D1FF3BB-8997-4684-9CAA-6C37374A570F}.Release|x86.ActiveCfg = Release|x86
		{3D1FF3BB-8997-4684-9CAA-6C37374A570F}.Release|x86.Build.0 = Release|x86
		{02EBB01A-DE5E-4940-8A06-F600B0A4778B}.Debug|Any CPU.ActiveCfg = Debug|Any CPU
		{02EBB01A-DE5E-4940-8A06-F600B0A4778B}.Debug|Any CPU.Build.0 = Debug|Any CPU
		{02EBB01A-DE5E-4940-8A06-F600B0A4778B}.Debug|Mixed Platforms.ActiveCfg = Debug|Any CPU
		{02EBB01A-DE5E-4940-8A06-F600B0A4778B}.Debug|Mixed Platforms.Build.0 = Debug|Any CPU
		{02EBB01A-DE5E-4940-8A06-F600B0A4778B}.Debug|x86.ActiveCfg = Debug|Any CPU
		{02EBB01A-DE5E-4940-8A06-F600B0A4778B}.Release|Any CPU.ActiveCfg = Release|Any CPU
		{02EBB01A-DE5E-4940-8A06-F600B0A4778B}.Release|Any CPU.Build.0 = Release|Any CPU
		{02EBB01A-DE5E-4940-8A06-F600B0A4778B}.Release|Mixed Platforms.ActiveCfg = Release|Any CPU
		{02EBB01A-DE5E-4940-8A06-F600B0A4778B}.Release|Mixed Platforms.Build.0 = Release|Any CPU
		{02EBB01A-DE5E-4940-8A06-F600B0A4778B}.Release|x86.ActiveCfg = Release|Any CPU
		{A372D577-2635-47D3-8B83-FDD2A530EB28}.Debug|Any CPU.ActiveCfg = Debug|x86
		{A372D577-2635-47D3-8B83-FDD2A530EB28}.Debug|Mixed Platforms.ActiveCfg = Debug|x86
		{A372D577-2635-47D3-8B83-FDD2A530EB28}.Debug|Mixed Platforms.Build.0 = Debug|x86
		{A372D577-2635-47D3-8B83-FDD2A530EB28}.Debug|x86.ActiveCfg = Debug|x86
		{A372D577-2635-47D3-8B83-FDD2A530EB28}.Debug|x86.Build.0 = Debug|x86
		{A372D577-2635-47D3-8B83-FDD2A530EB28}.Release|Any CPU.ActiveCfg = Release|x86
		{A372D577-2635-47D3-8B83-FDD2A530EB28}.Release|Mixed Platforms.ActiveCfg = Release|x86
		{A372D577-2635-47D3-8B83-FDD2A530EB28}.Release|Mixed Platforms.Build.0 = Release|x86
		{A372D577-2635-47D3-8B83-FDD2A530EB28}.Release|x86.ActiveCfg = Release|x86
		{A372D577-2635-47D3-8B83-FDD2A530EB28}.Release|x86.Build.0 = Release|x86
		{366E0B67-A944-492E-9464-9EAE4C670083}.Debug|Any CPU.ActiveCfg = Debug|Any CPU
		{366E0B67-A944-492E-9464-9EAE4C670083}.Debug|Any CPU.Build.0 = Debug|Any CPU
		{366E0B67-A944-492E-9464-9EAE4C670083}.Debug|Mixed Platforms.ActiveCfg = Debug|Any CPU
		{366E0B67-A944-492E-9464-9EAE4C670083}.Debug|Mixed Platforms.Build.0 = Debug|Any CPU
		{366E0B67-A944-492E-9464-9EAE4C670083}.Debug|x86.ActiveCfg = Debug|Any CPU
		{366E0B67-A944-492E-9464-9EAE4C670083}.Release|Any CPU.ActiveCfg = Release|Any CPU
		{366E0B67-A944-492E-9464-9EAE4C670083}.Release|Any CPU.Build.0 = Release|Any CPU
		{366E0B67-A944-492E-9464-9EAE4C670083}.Release|Mixed Platforms.ActiveCfg = Release|Any CPU
		{366E0B67-A944-492E-9464-9EAE4C670083}.Release|Mixed Platforms.Build.0 = Release|Any CPU
		{366E0B67-A944-492E-9464-9EAE4C670083}.Release|x86.ActiveCfg = Release|Any CPU
		{4D00B710-D131-4008-9365-7285AE99FB84}.Debug|Any CPU.ActiveCfg = Debug|Any CPU
		{4D00B710-D131-4008-9365-7285AE99FB84}.Debug|Any CPU.Build.0 = Debug|Any CPU
		{4D00B710-D131-4008-9365-7285AE99FB84}.Debug|Mixed Platforms.ActiveCfg = Debug|Any CPU
		{4D00B710-D131-4008-9365-7285AE99FB84}.Debug|Mixed Platforms.Build.0 = Debug|Any CPU
		{4D00B710-D131-4008-9365-7285AE99FB84}.Debug|x86.ActiveCfg = Debug|Any CPU
		{4D00B710-D131-4008-9365-7285AE99FB84}.Release|Any CPU.ActiveCfg = Release|Any CPU
		{4D00B710-D131-4008-9365-7285AE99FB84}.Release|Any CPU.Build.0 = Release|Any CPU
		{4D00B710-D131-4008-9365-7285AE99FB84}.Release|Mixed Platforms.ActiveCfg = Release|Any CPU
		{4D00B710-D131-4008-9365-7285AE99FB84}.Release|Mixed Platforms.Build.0 = Release|Any CPU
		{4D00B710-D131-4008-9365-7285AE99FB84}.Release|x86.ActiveCfg = Release|Any CPU
		{508E7531-7F1F-4D8E-977B-78C10D5E9D2E}.Debug|Any CPU.ActiveCfg = Debug|Any CPU
		{508E7531-7F1F-4D8E-977B-78C10D5E9D2E}.Debug|Any CPU.Build.0 = Debug|Any CPU
		{508E7531-7F1F-4D8E-977B-78C10D5E9D2E}.Debug|Mixed Platforms.ActiveCfg = Debug|Any CPU
		{508E7531-7F1F-4D8E-977B-78C10D5E9D2E}.Debug|Mixed Platforms.Build.0 = Debug|Any CPU
		{508E7531-7F1F-4D8E-977B-78C10D5E9D2E}.Debug|x86.ActiveCfg = Debug|Any CPU
		{508E7531-7F1F-4D8E-977B-78C10D5E9D2E}.Release|Any CPU.ActiveCfg = Release|Any CPU
		{508E7531-7F1F-4D8E-977B-78C10D5E9D2E}.Release|Any CPU.Build.0 = Release|Any CPU
		{508E7531-7F1F-4D8E-977B-78C10D5E9D2E}.Release|Mixed Platforms.ActiveCfg = Release|Any CPU
		{508E7531-7F1F-4D8E-977B-78C10D5E9D2E}.Release|Mixed Platforms.Build.0 = Release|Any CPU
		{508E7531-7F1F-4D8E-977B-78C10D5E9D2E}.Release|x86.ActiveCfg = Release|Any CPU
		{214DC7EA-BC3B-41A7-A03A-2F6033B416A7}.Debug|Any CPU.ActiveCfg = Debug|Any CPU
		{214DC7EA-BC3B-41A7-A03A-2F6033B416A7}.Debug|Any CPU.Build.0 = Debug|Any CPU
		{214DC7EA-BC3B-41A7-A03A-2F6033B416A7}.Debug|Mixed Platforms.ActiveCfg = Debug|Any CPU
		{214DC7EA-BC3B-41A7-A03A-2F6033B416A7}.Debug|Mixed Platforms.Build.0 = Debug|Any CPU
		{214DC7EA-BC3B-41A7-A03A-2F6033B416A7}.Debug|x86.ActiveCfg = Debug|Any CPU
		{214DC7EA-BC3B-41A7-A03A-2F6033B416A7}.Release|Any CPU.ActiveCfg = Release|Any CPU
		{214DC7EA-BC3B-41A7-A03A-2F6033B416A7}.Release|Any CPU.Build.0 = Release|Any CPU
		{214DC7EA-BC3B-41A7-A03A-2F6033B416A7}.Release|Mixed Platforms.ActiveCfg = Release|Any CPU
		{214DC7EA-BC3B-41A7-A03A-2F6033B416A7}.Release|Mixed Platforms.Build.0 = Release|Any CPU
		{214DC7EA-BC3B-41A7-A03A-2F6033B416A7}.Release|x86.ActiveCfg = Release|Any CPU
	EndGlobalSection
	GlobalSection(SolutionProperties) = preSolution
		HideSolutionNode = FALSE
	EndGlobalSection
	GlobalSection(NestedProjects) = preSolution
		{3D1FF3BB-8997-4684-9CAA-6C37374A570F} = {4CB0BDB8-88C1-48ED-8A96-AAAFB0730FBE}
		{02EBB01A-DE5E-4940-8A06-F600B0A4778B} = {4CB0BDB8-88C1-48ED-8A96-AAAFB0730FBE}
		{A372D577-2635-47D3-8B83-FDD2A530EB28} = {4CB0BDB8-88C1-48ED-8A96-AAAFB0730FBE}
		{4D00B710-D131-4008-9365-7285AE99FB84} = {4CB0BDB8-88C1-48ED-8A96-AAAFB0730FBE}
	EndGlobalSection
EndGlobal
